
Microsoft Visual Studio Solution File, Format Version 12.00
# Visual Studio Version 16
VisualStudioVersion = 16.0.30128.74
MinimumVisualStudioVersion = 10.0.40219.1
Project("{FAE04EC0-301F-11D3-BF4B-00C04F79EFBC}") = "AWSPrefixAtRuntimeIssue", "AWSPrefixAtRuntimeIssue\AWSPrefixAtRuntimeIssue.csproj", "{F769C154-8831-4D23-BB78-A6318F61F751}"
EndProject
Global
	GlobalSection(SolutionConfigurationPlatforms) = preSolution
		Debug|Any CPU = Debug|Any CPU
		Release|Any CPU = Release|Any CPU
	EndGlobalSection
	GlobalSection(ProjectConfigurationPlatforms) = postSolution
		{F769C154-8831-4D23-BB78-A6318F61F751}.Debug|Any CPU.ActiveCfg = Debug|Any CPU
		{F769C154-8831-4D23-BB78-A6318F61F751}.Debug|Any CPU.Build.0 = Debug|Any CPU
		{F769C154-8831-4D23-BB78-A6318F61F751}.Release|Any CPU.ActiveCfg = Release|Any CPU
		{F769C154-8831-4D23-BB78-A6318F61F751}.Release|Any CPU.Build.0 = Release|Any CPU
	EndGlobalSection
	GlobalSection(SolutionProperties) = preSolution
		HideSolutionNode = FALSE
	EndGlobalSection
	GlobalSection(ExtensibilityGlobals) = postSolution
		SolutionGuid = {94797DF8-581B-47CD-9485-B8F46EEB1A46}
	EndGlobalSection
EndGlobal
